
Microsoft Visual Studio Solution File, Format Version 12.00
# Visual Studio Version 17
VisualStudioVersion = 17.8.34511.84
MinimumVisualStudioVersion = 10.0.40219.1
Project("{FAE04EC0-301F-11D3-BF4B-00C04F79EFBC}") = "7-2-3", "7-2-3\7-2-3.csproj", "{3FBD404A-B7B4-4566-91FC-AC136524227C}"
EndProject
Global
	GlobalSection(SolutionConfigurationPlatforms) = preSolution
		Debug|Any CPU = Debug|Any CPU
		Release|Any CPU = Release|Any CPU
	EndGlobalSection
	GlobalSection(ProjectConfigurationPlatforms) = postSolution
		{3FBD404A-B7B4-4566-91FC-AC136524227C}.Debug|Any CPU.ActiveCfg = Debug|Any CPU
		{3FBD404A-B7B4-4566-91FC-AC136524227C}.Debug|Any CPU.Build.0 = Debug|Any CPU
		{3FBD404A-B7B4-4566-91FC-AC136524227C}.Release|Any CPU.ActiveCfg = Release|Any CPU
		{3FBD404A-B7B4-4566-91FC-AC136524227C}.Release|Any CPU.Build.0 = Release|Any CPU
	EndGlobalSection
	GlobalSection(SolutionProperties) = preSolution
		HideSolutionNode = FALSE
	EndGlobalSection
	GlobalSection(ExtensibilityGlobals) = postSolution
		SolutionGuid = {F7C41424-C657-4A7D-B1F9-6A6153DED487}
	EndGlobalSection
EndGlobal
